
Microsoft Visual Studio Solution File, Format Version 12.00
Project("{FAE04EC0-301F-11D3-BF4B-00C04F79EFBC}") = "WebApi", "WebApi\WebApi.csproj", "{58CC7845-DCF5-4A8C-A938-325CBF5DD890}"
EndProject
Project("{FAE04EC0-301F-11D3-BF4B-00C04F79EFBC}") = "Domain", "Domain\Domain.csproj", "{5D3124F1-3E5C-4DFA-99B8-EF0BD9338A1A}"
EndProject
Project("{FAE04EC0-301F-11D3-BF4B-00C04F79EFBC}") = "DataModel", "DataModel\DataModel.csproj", "{DDA6D486-ACB6-45ED-B517-A358DE3334C6}"
EndProject
Project("{FAE04EC0-301F-11D3-BF4B-00C04F79EFBC}") = "Application", "Application\Application.csproj", "{1D3C352A-6ED0-42C9-830C-C6F154FF0D66}"
EndProject
Project("{FAE04EC0-301F-11D3-BF4B-00C04F79EFBC}") = "Gateway", "Gateway\Gateway.csproj", "{F84CD030-C49E-47E7-93FE-8B526E66E181}"
EndProject
Global
	GlobalSection(SolutionConfigurationPlatforms) = preSolution
		Debug|Any CPU = Debug|Any CPU
		Release|Any CPU = Release|Any CPU
	EndGlobalSection
	GlobalSection(ProjectConfigurationPlatforms) = postSolution
		{58CC7845-DCF5-4A8C-A938-325CBF5DD890}.Debug|Any CPU.ActiveCfg = Debug|Any CPU
		{58CC7845-DCF5-4A8C-A938-325CBF5DD890}.Debug|Any CPU.Build.0 = Debug|Any CPU
		{58CC7845-DCF5-4A8C-A938-325CBF5DD890}.Release|Any CPU.ActiveCfg = Release|Any CPU
		{58CC7845-DCF5-4A8C-A938-325CBF5DD890}.Release|Any CPU.Build.0 = Release|Any CPU
		{5D3124F1-3E5C-4DFA-99B8-EF0BD9338A1A}.Debug|Any CPU.ActiveCfg = Debug|Any CPU
		{5D3124F1-3E5C-4DFA-99B8-EF0BD9338A1A}.Debug|Any CPU.Build.0 = Debug|Any CPU
		{5D3124F1-3E5C-4DFA-99B8-EF0BD9338A1A}.Release|Any CPU.ActiveCfg = Release|Any CPU
		{5D3124F1-3E5C-4DFA-99B8-EF0BD9338A1A}.Release|Any CPU.Build.0 = Release|Any CPU
		{DDA6D486-ACB6-45ED-B517-A358DE3334C6}.Debug|Any CPU.ActiveCfg = Debug|Any CPU
		{DDA6D486-ACB6-45ED-B517-A358DE3334C6}.Debug|Any CPU.Build.0 = Debug|Any CPU
		{DDA6D486-ACB6-45ED-B517-A358DE3334C6}.Release|Any CPU.ActiveCfg = Release|Any CPU
		{DDA6D486-ACB6-45ED-B517-A358DE3334C6}.Release|Any CPU.Build.0 = Release|Any CPU
		{1D3C352A-6ED0-42C9-830C-C6F154FF0D66}.Debug|Any CPU.ActiveCfg = Debug|Any CPU
		{1D3C352A-6ED0-42C9-830C-C6F154FF0D66}.Debug|Any CPU.Build.0 = Debug|Any CPU
		{1D3C352A-6ED0-42C9-830C-C6F154FF0D66}.Release|Any CPU.ActiveCfg = Release|Any CPU
		{1D3C352A-6ED0-42C9-830C-C6F154FF0D66}.Release|Any CPU.Build.0 = Release|Any CPU
		{F84CD030-C49E-47E7-93FE-8B526E66E181}.Debug|Any CPU.ActiveCfg = Debug|Any CPU
		{F84CD030-C49E-47E7-93FE-8B526E66E181}.Debug|Any CPU.Build.0 = Debug|Any CPU
		{F84CD030-C49E-47E7-93FE-8B526E66E181}.Release|Any CPU.ActiveCfg = Release|Any CPU
		{F84CD030-C49E-47E7-93FE-8B526E66E181}.Release|Any CPU.Build.0 = Release|Any CPU
	EndGlobalSection
EndGlobal
